// !$*UTF8*$!
{
	archiveVersion = 1;
	classes = {
	};
	objectVersion = 46;
	objects = {

/* Begin PBXBuildFile section */
		F57244831E96C4380074D6F6 /* CityDetailViewController.m in Sources */ = {isa = PBXBuildFile; fileRef = F57244821E96C4380074D6F6 /* CityDetailViewController.m */; };
		F5A019021E963C4F009A0C1D /* main.m in Sources */ = {isa = PBXBuildFile; fileRef = F5A019011E963C4F009A0C1D /* main.m */; };
		F5A019051E963C4F009A0C1D /* AppDelegate.m in Sources */ = {isa = PBXBuildFile; fileRef = F5A019041E963C4F009A0C1D /* AppDelegate.m */; };
		F5A0190B1E963C4F009A0C1D /* Main.storyboard in Resources */ = {isa = PBXBuildFile; fileRef = F5A019091E963C4F009A0C1D /* Main.storyboard */; };
		F5A0190D1E963C4F009A0C1D /* Assets.xcassets in Resources */ = {isa = PBXBuildFile; fileRef = F5A0190C1E963C4F009A0C1D /* Assets.xcassets */; };
		F5A019101E963C4F009A0C1D /* LaunchScreen.storyboard in Resources */ = {isa = PBXBuildFile; fileRef = F5A0190E1E963C4F009A0C1D /* LaunchScreen.storyboard */; };
		F5A0193B1E963C91009A0C1D /* AFHTTPSessionManager.m in Sources */ = {isa = PBXBuildFile; fileRef = F5A0191A1E963C91009A0C1D /* AFHTTPSessionManager.m */; };
		F5A0193C1E963C91009A0C1D /* AFNetworkReachabilityManager.m in Sources */ = {isa = PBXBuildFile; fileRef = F5A0191D1E963C91009A0C1D /* AFNetworkReachabilityManager.m */; };
		F5A0193D1E963C91009A0C1D /* AFSecurityPolicy.m in Sources */ = {isa = PBXBuildFile; fileRef = F5A0191F1E963C91009A0C1D /* AFSecurityPolicy.m */; };
		F5A0193E1E963C91009A0C1D /* AFURLRequestSerialization.m in Sources */ = {isa = PBXBuildFile; fileRef = F5A019211E963C91009A0C1D /* AFURLRequestSerialization.m */; };
		F5A0193F1E963C91009A0C1D /* AFURLResponseSerialization.m in Sources */ = {isa = PBXBuildFile; fileRef = F5A019231E963C91009A0C1D /* AFURLResponseSerialization.m */; };
		F5A019401E963C91009A0C1D /* AFURLSessionManager.m in Sources */ = {isa = PBXBuildFile; fileRef = F5A019251E963C91009A0C1D /* AFURLSessionManager.m */; };
		F5A019411E963C91009A0C1D /* AFAutoPurgingImageCache.m in Sources */ = {isa = PBXBuildFile; fileRef = F5A019281E963C91009A0C1D /* AFAutoPurgingImageCache.m */; };
		F5A019421E963C91009A0C1D /* AFImageDownloader.m in Sources */ = {isa = PBXBuildFile; fileRef = F5A0192A1E963C91009A0C1D /* AFImageDownloader.m */; };
		F5A019431E963C91009A0C1D /* AFNetworkActivityIndicatorManager.m in Sources */ = {isa = PBXBuildFile; fileRef = F5A0192C1E963C91009A0C1D /* AFNetworkActivityIndicatorManager.m */; };
		F5A019441E963C91009A0C1D /* UIActivityIndicatorView+AFNetworking.m in Sources */ = {isa = PBXBuildFile; fileRef = F5A0192E1E963C91009A0C1D /* UIActivityIndicatorView+AFNetworking.m */; };
		F5A019451E963C91009A0C1D /* UIButton+AFNetworking.m in Sources */ = {isa = PBXBuildFile; fileRef = F5A019301E963C91009A0C1D /* UIButton+AFNetworking.m */; };
		F5A019461E963C91009A0C1D /* UIImageView+AFNetworking.m in Sources */ = {isa = PBXBuildFile; fileRef = F5A019331E963C91009A0C1D /* UIImageView+AFNetworking.m */; };
		F5A019471E963C91009A0C1D /* UIProgressView+AFNetworking.m in Sources */ = {isa = PBXBuildFile; fileRef = F5A019361E963C91009A0C1D /* UIProgressView+AFNetworking.m */; };
		F5A019481E963C91009A0C1D /* UIRefreshControl+AFNetworking.m in Sources */ = {isa = PBXBuildFile; fileRef = F5A019381E963C91009A0C1D /* UIRefreshControl+AFNetworking.m */; };
		F5A019491E963C91009A0C1D /* UIWebView+AFNetworking.m in Sources */ = {isa = PBXBuildFile; fileRef = F5A0193A1E963C91009A0C1D /* UIWebView+AFNetworking.m */; };
		F5A019511E965B89009A0C1D /* Country.m in Sources */ = {isa = PBXBuildFile; fileRef = F5A019501E965B89009A0C1D /* Country.m */; };
		F5A019531E96603E009A0C1D /* countriesToCities.json in Resources */ = {isa = PBXBuildFile; fileRef = F5A019521E96603E009A0C1D /* countriesToCities.json */; };
		F5A019561E966179009A0C1D /* CountriesTableViewController.m in Sources */ = {isa = PBXBuildFile; fileRef = F5A019551E966179009A0C1D /* CountriesTableViewController.m */; };
		F5A019591E9665BD009A0C1D /* CitiesTableViewController.m in Sources */ = {isa = PBXBuildFile; fileRef = F5A019581E9665BD009A0C1D /* CitiesTableViewController.m */; };
/* End PBXBuildFile section */

/* Begin PBXFileReference section */
		F57244811E96C4380074D6F6 /* CityDetailViewController.h */ = {isa = PBXFileReference; fileEncoding = 4; lastKnownFileType = sourcecode.c.h; path = CityDetailViewController.h; sourceTree = "<group>"; };
		F57244821E96C4380074D6F6 /* CityDetailViewController.m */ = {isa = PBXFileReference; fileEncoding = 4; lastKnownFileType = sourcecode.c.objc; path = CityDetailViewController.m; sourceTree = "<group>"; };
		F5A018FD1E963C4F009A0C1D /* CityInfo.app */ = {isa = PBXFileReference; explicitFileType = wrapper.application; includeInIndex = 0; path = CityInfo.app; sourceTree = BUILT_PRODUCTS_DIR; };
		F5A019011E963C4F009A0C1D /* main.m */ = {isa = PBXFileReference; lastKnownFileType = sourcecode.c.objc; path = main.m; sourceTree = "<group>"; };
		F5A019031E963C4F009A0C1D /* AppDelegate.h */ = {isa = PBXFileReference; lastKnownFileType = sourcecode.c.h; path = AppDelegate.h; sourceTree = "<group>"; };
		F5A019041E963C4F009A0C1D /* AppDelegate.m */ = {isa = PBXFileReference; lastKnownFileType = sourcecode.c.objc; path = AppDelegate.m; sourceTree = "<group>"; };
		F5A0190A1E963C4F009A0C1D /* Base */ = {isa = PBXFileReference; lastKnownFileType = file.storyboard; name = Base; path = Base.lproj/Main.storyboard; sourceTree = "<group>"; };
		F5A0190C1E963C4F009A0C1D /* Assets.xcassets */ = {isa = PBXFileReference; lastKnownFileType = folder.assetcatalog; path = Assets.xcassets; sourceTree = "<group>"; };
		F5A0190F1E963C4F009A0C1D /* Base */ = {isa = PBXFileReference; lastKnownFileType = file.storyboard; name = Base; path = Base.lproj/LaunchScreen.storyboard; sourceTree = "<group>"; };
		F5A019111E963C4F009A0C1D /* Info.plist */ = {isa = PBXFileReference; lastKnownFileType = text.plist.xml; path = Info.plist; sourceTree = "<group>"; };
		F5A019191E963C91009A0C1D /* AFHTTPSessionManager.h */ = {isa = PBXFileReference; fileEncoding = 4; lastKnownFileType = sourcecode.c.h; path = AFHTTPSessionManager.h; sourceTree = "<group>"; };
		F5A0191A1E963C91009A0C1D /* AFHTTPSessionManager.m */ = {isa = PBXFileReference; fileEncoding = 4; lastKnownFileType = sourcecode.c.objc; path = AFHTTPSessionManager.m; sourceTree = "<group>"; };
		F5A0191B1E963C91009A0C1D /* AFNetworking.h */ = {isa = PBXFileReference; fileEncoding = 4; lastKnownFileType = sourcecode.c.h; path = AFNetworking.h; sourceTree = "<group>"; };
		F5A0191C1E963C91009A0C1D /* AFNetworkReachabilityManager.h */ = {isa = PBXFileReference; fileEncoding = 4; lastKnownFileType = sourcecode.c.h; path = AFNetworkReachabilityManager.h; sourceTree = "<group>"; };
		F5A0191D1E963C91009A0C1D /* AFNetworkReachabilityManager.m */ = {isa = PBXFileReference; fileEncoding = 4; lastKnownFileType = sourcecode.c.objc; path = AFNetworkReachabilityManager.m; sourceTree = "<group>"; };
		F5A0191E1E963C91009A0C1D /* AFSecurityPolicy.h */ = {isa = PBXFileReference; fileEncoding = 4; lastKnownFileType = sourcecode.c.h; path = AFSecurityPolicy.h; sourceTree = "<group>"; };
		F5A0191F1E963C91009A0C1D /* AFSecurityPolicy.m */ = {isa = PBXFileReference; fileEncoding = 4; lastKnownFileType = sourcecode.c.objc; path = AFSecurityPolicy.m; sourceTree = "<group>"; };
		F5A019201E963C91009A0C1D /* AFURLRequestSerialization.h */ = {isa = PBXFileReference; fileEncoding = 4; lastKnownFileType = sourcecode.c.h; path = AFURLRequestSerialization.h; sourceTree = "<group>"; };
		F5A019211E963C91009A0C1D /* AFURLRequestSerialization.m */ = {isa = PBXFileReference; fileEncoding = 4; lastKnownFileType = sourcecode.c.objc; path = AFURLRequestSerialization.m; sourceTree = "<group>"; };
		F5A019221E963C91009A0C1D /* AFURLResponseSerialization.h */ = {isa = PBXFileReference; fileEncoding = 4; lastKnownFileType = sourcecode.c.h; path = AFURLResponseSerialization.h; sourceTree = "<group>"; };
		F5A019231E963C91009A0C1D /* AFURLResponseSerialization.m */ = {isa = PBXFileReference; fileEncoding = 4; lastKnownFileType = sourcecode.c.objc; path = AFURLResponseSerialization.m; sourceTree = "<group>"; };
		F5A019241E963C91009A0C1D /* AFURLSessionManager.h */ = {isa = PBXFileReference; fileEncoding = 4; lastKnownFileType = sourcecode.c.h; path = AFURLSessionManager.h; sourceTree = "<group>"; };
		F5A019251E963C91009A0C1D /* AFURLSessionManager.m */ = {isa = PBXFileReference; fileEncoding = 4; lastKnownFileType = sourcecode.c.objc; path = AFURLSessionManager.m; sourceTree = "<group>"; };
		F5A019271E963C91009A0C1D /* AFAutoPurgingImageCache.h */ = {isa = PBXFileReference; fileEncoding = 4; lastKnownFileType = sourcecode.c.h; path = AFAutoPurgingImageCache.h; sourceTree = "<group>"; };
		F5A019281E963C91009A0C1D /* AFAutoPurgingImageCache.m */ = {isa = PBXFileReference; fileEncoding = 4; lastKnownFileType = sourcecode.c.objc; path = AFAutoPurgingImageCache.m; sourceTree = "<group>"; };
		F5A019291E963C91009A0C1D /* AFImageDownloader.h */ = {isa = PBXFileReference; fileEncoding = 4; lastKnownFileType = sourcecode.c.h; path = AFImageDownloader.h; sourceTree = "<group>"; };
		F5A0192A1E963C91009A0C1D /* AFImageDownloader.m */ = {isa = PBXFileReference; fileEncoding = 4; lastKnownFileType = sourcecode.c.objc; path = AFImageDownloader.m; sourceTree = "<group>"; };
		F5A0192B1E963C91009A0C1D /* AFNetworkActivityIndicatorManager.h */ = {isa = PBXFileReference; fileEncoding = 4; lastKnownFileType = sourcecode.c.h; path = AFNetworkActivityIndicatorManager.h; sourceTree = "<group>"; };
		F5A0192C1E963C91009A0C1D /* AFNetworkActivityIndicatorManager.m */ = {isa = PBXFileReference; fileEncoding = 4; lastKnownFileType = sourcecode.c.objc; path = AFNetworkActivityIndicatorManager.m; sourceTree = "<group>"; };
		F5A0192D1E963C91009A0C1D /* UIActivityIndicatorView+AFNetworking.h */ = {isa = PBXFileReference; fileEncoding = 4; lastKnownFileType = sourcecode.c.h; path = "UIActivityIndicatorView+AFNetworking.h"; sourceTree = "<group>"; };
		F5A0192E1E963C91009A0C1D /* UIActivityIndicatorView+AFNetworking.m */ = {isa = PBXFileReference; fileEncoding = 4; lastKnownFileType = sourcecode.c.objc; path = "UIActivityIndicatorView+AFNetworking.m"; sourceTree = "<group>"; };
		F5A0192F1E963C91009A0C1D /* UIButton+AFNetworking.h */ = {isa = PBXFileReference; fileEncoding = 4; lastKnownFileType = sourcecode.c.h; path = "UIButton+AFNetworking.h"; sourceTree = "<group>"; };
		F5A019301E963C91009A0C1D /* UIButton+AFNetworking.m */ = {isa = PBXFileReference; fileEncoding = 4; lastKnownFileType = sourcecode.c.objc; path = "UIButton+AFNetworking.m"; sourceTree = "<group>"; };
		F5A019311E963C91009A0C1D /* UIImage+AFNetworking.h */ = {isa = PBXFileReference; fileEncoding = 4; lastKnownFileType = sourcecode.c.h; path = "UIImage+AFNetworking.h"; sourceTree = "<group>"; };
		F5A019321E963C91009A0C1D /* UIImageView+AFNetworking.h */ = {isa = PBXFileReference; fileEncoding = 4; lastKnownFileType = sourcecode.c.h; path = "UIImageView+AFNetworking.h"; sourceTree = "<group>"; };
		F5A019331E963C91009A0C1D /* UIImageView+AFNetworking.m */ = {isa = PBXFileReference; fileEncoding = 4; lastKnownFileType = sourcecode.c.objc; path = "UIImageView+AFNetworking.m"; sourceTree = "<group>"; };
		F5A019341E963C91009A0C1D /* UIKit+AFNetworking.h */ = {isa = PBXFileReference; fileEncoding = 4; lastKnownFileType = sourcecode.c.h; path = "UIKit+AFNetworking.h"; sourceTree = "<group>"; };
		F5A019351E963C91009A0C1D /* UIProgressView+AFNetworking.h */ = {isa = PBXFileReference; fileEncoding = 4; lastKnownFileType = sourcecode.c.h; path = "UIProgressView+AFNetworking.h"; sourceTree = "<group>"; };
		F5A019361E963C91009A0C1D /* UIProgressView+AFNetworking.m */ = {isa = PBXFileReference; fileEncoding = 4; lastKnownFileType = sourcecode.c.objc; path = "UIProgressView+AFNetworking.m"; sourceTree = "<group>"; };
		F5A019371E963C91009A0C1D /* UIRefreshControl+AFNetworking.h */ = {isa = PBXFileReference; fileEncoding = 4; lastKnownFileType = sourcecode.c.h; path = "UIRefreshControl+AFNetworking.h"; sourceTree = "<group>"; };
		F5A019381E963C91009A0C1D /* UIRefreshControl+AFNetworking.m */ = {isa = PBXFileReference; fileEncoding = 4; lastKnownFileType = sourcecode.c.objc; path = "UIRefreshControl+AFNetworking.m"; sourceTree = "<group>"; };
		F5A019391E963C91009A0C1D /* UIWebView+AFNetworking.h */ = {isa = PBXFileReference; fileEncoding = 4; lastKnownFileType = sourcecode.c.h; path = "UIWebView+AFNetworking.h"; sourceTree = "<group>"; };
		F5A0193A1E963C91009A0C1D /* UIWebView+AFNetworking.m */ = {isa = PBXFileReference; fileEncoding = 4; lastKnownFileType = sourcecode.c.objc; path = "UIWebView+AFNetworking.m"; sourceTree = "<group>"; };
		F5A0194F1E965B89009A0C1D /* Country.h */ = {isa = PBXFileReference; fileEncoding = 4; lastKnownFileType = sourcecode.c.h; path = Country.h; sourceTree = "<group>"; };
		F5A019501E965B89009A0C1D /* Country.m */ = {isa = PBXFileReference; fileEncoding = 4; lastKnownFileType = sourcecode.c.objc; path = Country.m; sourceTree = "<group>"; };
		F5A019521E96603E009A0C1D /* countriesToCities.json */ = {isa = PBXFileReference; fileEncoding = 4; lastKnownFileType = text.json; path = countriesToCities.json; sourceTree = "<group>"; };
		F5A019541E966179009A0C1D /* CountriesTableViewController.h */ = {isa = PBXFileReference; fileEncoding = 4; lastKnownFileType = sourcecode.c.h; path = CountriesTableViewController.h; sourceTree = "<group>"; };
		F5A019551E966179009A0C1D /* CountriesTableViewController.m */ = {isa = PBXFileReference; fileEncoding = 4; lastKnownFileType = sourcecode.c.objc; path = CountriesTableViewController.m; sourceTree = "<group>"; };
		F5A019571E9665BD009A0C1D /* CitiesTableViewController.h */ = {isa = PBXFileReference; fileEncoding = 4; lastKnownFileType = sourcecode.c.h; path = CitiesTableViewController.h; sourceTree = "<group>"; };
		F5A019581E9665BD009A0C1D /* CitiesTableViewController.m */ = {isa = PBXFileReference; fileEncoding = 4; lastKnownFileType = sourcecode.c.objc; path = CitiesTableViewController.m; sourceTree = "<group>"; };
/* End PBXFileReference section */

/* Begin PBXFrameworksBuildPhase section */
		F5A018FA1E963C4F009A0C1D /* Frameworks */ = {
			isa = PBXFrameworksBuildPhase;
			buildActionMask = 2147483647;
			files = (
			);
			runOnlyForDeploymentPostprocessing = 0;
		};
/* End PBXFrameworksBuildPhase section */

/* Begin PBXGroup section */
		F5A018F41E963C4F009A0C1D = {
			isa = PBXGroup;
			children = (
				F5A018FF1E963C4F009A0C1D /* CityInfo */,
				F5A018FE1E963C4F009A0C1D /* Products */,
				F5A019171E963C91009A0C1D /* AFNetworking */,
			);
			sourceTree = "<group>";
		};
		F5A018FE1E963C4F009A0C1D /* Products */ = {
			isa = PBXGroup;
			children = (
				F5A018FD1E963C4F009A0C1D /* CityInfo.app */,
			);
			name = Products;
			sourceTree = "<group>";
		};
		F5A018FF1E963C4F009A0C1D /* CityInfo */ = {
			isa = PBXGroup;
			children = (
				F5A0195B1E967176009A0C1D /* Model */,
				F5A0195A1E96715D009A0C1D /* Controller */,
				F5A019031E963C4F009A0C1D /* AppDelegate.h */,
				F5A019041E963C4F009A0C1D /* AppDelegate.m */,
				F5A019091E963C4F009A0C1D /* Main.storyboard */,
				F5A019001E963C4F009A0C1D /* Supporting Files */,
			);
			path = CityInfo;
			sourceTree = "<group>";
		};
		F5A019001E963C4F009A0C1D /* Supporting Files */ = {
			isa = PBXGroup;
			children = (
				F5A019011E963C4F009A0C1D /* main.m */,
				F5A0190C1E963C4F009A0C1D /* Assets.xcassets */,
				F5A0190E1E963C4F009A0C1D /* LaunchScreen.storyboard */,
				F5A019111E963C4F009A0C1D /* Info.plist */,
				F5A019521E96603E009A0C1D /* countriesToCities.json */,
			);
			name = "Supporting Files";
			sourceTree = "<group>";
		};
		F5A019171E963C91009A0C1D /* AFNetworking */ = {
			isa = PBXGroup;
			children = (
				F5A019181E963C91009A0C1D /* AFNetworking */,
				F5A019261E963C91009A0C1D /* UIKit+AFNetworking */,
			);
			path = AFNetworking;
			sourceTree = "<group>";
		};
		F5A019181E963C91009A0C1D /* AFNetworking */ = {
			isa = PBXGroup;
			children = (
				F5A019191E963C91009A0C1D /* AFHTTPSessionManager.h */,
				F5A0191A1E963C91009A0C1D /* AFHTTPSessionManager.m */,
				F5A0191B1E963C91009A0C1D /* AFNetworking.h */,
				F5A0191C1E963C91009A0C1D /* AFNetworkReachabilityManager.h */,
				F5A0191D1E963C91009A0C1D /* AFNetworkReachabilityManager.m */,
				F5A0191E1E963C91009A0C1D /* AFSecurityPolicy.h */,
				F5A0191F1E963C91009A0C1D /* AFSecurityPolicy.m */,
				F5A019201E963C91009A0C1D /* AFURLRequestSerialization.h */,
				F5A019211E963C91009A0C1D /* AFURLRequestSerialization.m */,
				F5A019221E963C91009A0C1D /* AFURLResponseSerialization.h */,
				F5A019231E963C91009A0C1D /* AFURLResponseSerialization.m */,
				F5A019241E963C91009A0C1D /* AFURLSessionManager.h */,
				F5A019251E963C91009A0C1D /* AFURLSessionManager.m */,
			);
			path = AFNetworking;
			sourceTree = "<group>";
		};
		F5A019261E963C91009A0C1D /* UIKit+AFNetworking */ = {
			isa = PBXGroup;
			children = (
				F5A019271E963C91009A0C1D /* AFAutoPurgingImageCache.h */,
				F5A019281E963C91009A0C1D /* AFAutoPurgingImageCache.m */,
				F5A019291E963C91009A0C1D /* AFImageDownloader.h */,
				F5A0192A1E963C91009A0C1D /* AFImageDownloader.m */,
				F5A0192B1E963C91009A0C1D /* AFNetworkActivityIndicatorManager.h */,
				F5A0192C1E963C91009A0C1D /* AFNetworkActivityIndicatorManager.m */,
				F5A0192D1E963C91009A0C1D /* UIActivityIndicatorView+AFNetworking.h */,
				F5A0192E1E963C91009A0C1D /* UIActivityIndicatorView+AFNetworking.m */,
				F5A0192F1E963C91009A0C1D /* UIButton+AFNetworking.h */,
				F5A019301E963C91009A0C1D /* UIButton+AFNetworking.m */,
				F5A019311E963C91009A0C1D /* UIImage+AFNetworking.h */,
				F5A019321E963C91009A0C1D /* UIImageView+AFNetworking.h */,
				F5A019331E963C91009A0C1D /* UIImageView+AFNetworking.m */,
				F5A019341E963C91009A0C1D /* UIKit+AFNetworking.h */,
				F5A019351E963C91009A0C1D /* UIProgressView+AFNetworking.h */,
				F5A019361E963C91009A0C1D /* UIProgressView+AFNetworking.m */,
				F5A019371E963C91009A0C1D /* UIRefreshControl+AFNetworking.h */,
				F5A019381E963C91009A0C1D /* UIRefreshControl+AFNetworking.m */,
				F5A019391E963C91009A0C1D /* UIWebView+AFNetworking.h */,
				F5A0193A1E963C91009A0C1D /* UIWebView+AFNetworking.m */,
			);
			path = "UIKit+AFNetworking";
			sourceTree = "<group>";
		};
		F5A0195A1E96715D009A0C1D /* Controller */ = {
			isa = PBXGroup;
			children = (
				F5A019541E966179009A0C1D /* CountriesTableViewController.h */,
				F5A019551E966179009A0C1D /* CountriesTableViewController.m */,
				F5A019571E9665BD009A0C1D /* CitiesTableViewController.h */,
				F5A019581E9665BD009A0C1D /* CitiesTableViewController.m */,
				F57244811E96C4380074D6F6 /* CityDetailViewController.h */,
				F57244821E96C4380074D6F6 /* CityDetailViewController.m */,
			);
			name = Controller;
			sourceTree = "<group>";
		};
		F5A0195B1E967176009A0C1D /* Model */ = {
			isa = PBXGroup;
			children = (
				F5A0194F1E965B89009A0C1D /* Country.h */,
				F5A019501E965B89009A0C1D /* Country.m */,
			);
			name = Model;
			sourceTree = "<group>";
		};
/* End PBXGroup section */

/* Begin PBXNativeTarget section */
		F5A018FC1E963C4F009A0C1D /* CityInfo */ = {
			isa = PBXNativeTarget;
			buildConfigurationList = F5A019141E963C4F009A0C1D /* Build configuration list for PBXNativeTarget "CityInfo" */;
			buildPhases = (
				F5A018F91E963C4F009A0C1D /* Sources */,
				F5A018FA1E963C4F009A0C1D /* Frameworks */,
				F5A018FB1E963C4F009A0C1D /* Resources */,
			);
			buildRules = (
			);
			dependencies = (
			);
			name = CityInfo;
			productName = CityInfo;
			productReference = F5A018FD1E963C4F009A0C1D /* CityInfo.app */;
			productType = "com.apple.product-type.application";
		};
/* End PBXNativeTarget section */

/* Begin PBXProject section */
		F5A018F51E963C4F009A0C1D /* Project object */ = {
			isa = PBXProject;
			attributes = {
				LastUpgradeCheck = 0730;
				ORGANIZATIONNAME = Vlad;
				TargetAttributes = {
					F5A018FC1E963C4F009A0C1D = {
						CreatedOnToolsVersion = 7.3.1;
						DevelopmentTeam = 8V49DEKY9K;
					};
				};
			};
			buildConfigurationList = F5A018F81E963C4F009A0C1D /* Build configuration list for PBXProject "CityInfo" */;
			compatibilityVersion = "Xcode 3.2";
			developmentRegion = English;
			hasScannedForEncodings = 0;
			knownRegions = (
				en,
				Base,
			);
			mainGroup = F5A018F41E963C4F009A0C1D;
			productRefGroup = F5A018FE1E963C4F009A0C1D /* Products */;
			projectDirPath = "";
			projectRoot = "";
			targets = (
				F5A018FC1E963C4F009A0C1D /* CityInfo */,
			);
		};
/* End PBXProject section */

/* Begin PBXResourcesBuildPhase section */
		F5A018FB1E963C4F009A0C1D /* Resources */ = {
			isa = PBXResourcesBuildPhase;
			buildActionMask = 2147483647;
			files = (
				F5A019101E963C4F009A0C1D /* LaunchScreen.storyboard in Resources */,
				F5A019531E96603E009A0C1D /* countriesToCities.json in Resources */,
				F5A0190D1E963C4F009A0C1D /* Assets.xcassets in Resources */,
				F5A0190B1E963C4F009A0C1D /* Main.storyboard in Resources */,
			);
			runOnlyForDeploymentPostprocessing = 0;
		};
/* End PBXResourcesBuildPhase section */

/* Begin PBXSourcesBuildPhase section */
		F5A018F91E963C4F009A0C1D /* Sources */ = {
			isa = PBXSourcesBuildPhase;
			buildActionMask = 2147483647;
			files = (
				F5A019471E963C91009A0C1D /* UIProgressView+AFNetworking.m in Sources */,
				F5A019401E963C91009A0C1D /* AFURLSessionManager.m in Sources */,
				F5A019491E963C91009A0C1D /* UIWebView+AFNetworking.m in Sources */,
				F5A019461E963C91009A0C1D /* UIImageView+AFNetworking.m in Sources */,
				F5A019561E966179009A0C1D /* CountriesTableViewController.m in Sources */,
				F57244831E96C4380074D6F6 /* CityDetailViewController.m in Sources */,
				F5A019511E965B89009A0C1D /* Country.m in Sources */,
				F5A019451E963C91009A0C1D /* UIButton+AFNetworking.m in Sources */,
				F5A019051E963C4F009A0C1D /* AppDelegate.m in Sources */,
				F5A0193C1E963C91009A0C1D /* AFNetworkReachabilityManager.m in Sources */,
				F5A019481E963C91009A0C1D /* UIRefreshControl+AFNetworking.m in Sources */,
				F5A019021E963C4F009A0C1D /* main.m in Sources */,
				F5A019411E963C91009A0C1D /* AFAutoPurgingImageCache.m in Sources */,
				F5A0193D1E963C91009A0C1D /* AFSecurityPolicy.m in Sources */,
				F5A0193E1E963C91009A0C1D /* AFURLRequestSerialization.m in Sources */,
				F5A019591E9665BD009A0C1D /* CitiesTableViewController.m in Sources */,
				F5A019431E963C91009A0C1D /* AFNetworkActivityIndicatorManager.m in Sources */,
				F5A0193F1E963C91009A0C1D /* AFURLResponseSerialization.m in Sources */,
				F5A0193B1E963C91009A0C1D /* AFHTTPSessionManager.m in Sources */,
				F5A019421E963C91009A0C1D /* AFImageDownloader.m in Sources */,
				F5A019441E963C91009A0C1D /* UIActivityIndicatorView+AFNetworking.m in Sources */,
			);
			runOnlyForDeploymentPostprocessing = 0;
		};
/* End PBXSourcesBuildPhase section */

/* Begin PBXVariantGroup section */
		F5A019091E963C4F009A0C1D /* Main.storyboard */ = {
			isa = PBXVariantGroup;
			children = (
				F5A0190A1E963C4F009A0C1D /* Base */,
			);
			name = Main.storyboard;
			sourceTree = "<group>";
		};
		F5A0190E1E963C4F009A0C1D /* LaunchScreen.storyboard */ = {
			isa = PBXVariantGroup;
			children = (
				F5A0190F1E963C4F009A0C1D /* Base */,
			);
			name = LaunchScreen.storyboard;
			sourceTree = "<group>";
		};
/* End PBXVariantGroup section */

/* Begin XCBuildConfiguration section */
		F5A019121E963C4F009A0C1D /* Debug */ = {
			isa = XCBuildConfiguration;
			buildSettings = {
				ALWAYS_SEARCH_USER_PATHS = NO;
				CLANG_ANALYZER_NONNULL = YES;
				CLANG_CXX_LANGUAGE_STANDARD = "gnu++0x";
				CLANG_CXX_LIBRARY = "libc++";
				CLANG_ENABLE_MODULES = YES;
				CLANG_ENABLE_OBJC_ARC = YES;
				CLANG_WARN_BOOL_CONVERSION = YES;
				CLANG_WARN_CONSTANT_CONVERSION = YES;
				CLANG_WARN_DIRECT_OBJC_ISA_USAGE = YES_ERROR;
				CLANG_WARN_EMPTY_BODY = YES;
				CLANG_WARN_ENUM_CONVERSION = YES;
				CLANG_WARN_INT_CONVERSION = YES;
				CLANG_WARN_OBJC_ROOT_CLASS = YES_ERROR;
				CLANG_WARN_UNREACHABLE_CODE = YES;
				CLANG_WARN__DUPLICATE_METHOD_MATCH = YES;
				"CODE_SIGN_IDENTITY[sdk=iphoneos*]" = "iPhone Developer";
				COPY_PHASE_STRIP = NO;
				DEBUG_INFORMATION_FORMAT = dwarf;
				ENABLE_STRICT_OBJC_MSGSEND = YES;
				ENABLE_TESTABILITY = YES;
				GCC_C_LANGUAGE_STANDARD = gnu99;
				GCC_DYNAMIC_NO_PIC = NO;
				GCC_NO_COMMON_BLOCKS = YES;
				GCC_OPTIMIZATION_LEVEL = 0;
				GCC_PREPROCESSOR_DEFINITIONS = (
					"DEBUG=1",
					"$(inherited)",
				);
				GCC_WARN_64_TO_32_BIT_CONVERSION = YES;
				GCC_WARN_ABOUT_RETURN_TYPE = YES_ERROR;
				GCC_WARN_UNDECLARED_SELECTOR = YES;
				GCC_WARN_UNINITIALIZED_AUTOS = YES_AGGRESSIVE;
				GCC_WARN_UNUSED_FUNCTION = YES;
				GCC_WARN_UNUSED_VARIABLE = YES;
				IPHONEOS_DEPLOYMENT_TARGET = 9.3;
				MTL_ENABLE_DEBUG_INFO = YES;
				ONLY_ACTIVE_ARCH = YES;
				SDKROOT = iphoneos;
			};
			name = Debug;
		};
		F5A019131E963C4F009A0C1D /* Release */ = {
			isa = XCBuildConfiguration;
			buildSettings = {
				ALWAYS_SEARCH_USER_PATHS = NO;
				CLANG_ANALYZER_NONNULL = YES;
				CLANG_CXX_LANGUAGE_STANDARD = "gnu++0x";
				CLANG_CXX_LIBRARY = "libc++";
				CLANG_ENABLE_MODULES = YES;
				CLANG_ENABLE_OBJC_ARC = YES;
				CLANG_WARN_BOOL_CONVERSION = YES;
				CLANG_WARN_CONSTANT_CONVERSION = YES;
				CLANG_WARN_DIRECT_OBJC_ISA_USAGE = YES_ERROR;
				CLANG_WARN_EMPTY_BODY = YES;
				CLANG_WARN_ENUM_CONVERSION = YES;
				CLANG_WARN_INT_CONVERSION = YES;
				CLANG_WARN_OBJC_ROOT_CLASS = YES_ERROR;
				CLANG_WARN_UNREACHABLE_CODE = YES;
				CLANG_WARN__DUPLICATE_METHOD_MATCH = YES;
				"CODE_SIGN_IDENTITY[sdk=iphoneos*]" = "iPhone Developer";
				COPY_PHASE_STRIP = NO;
				DEBUG_INFORMATION_FORMAT = "dwarf-with-dsym";
				ENABLE_NS_ASSERTIONS = NO;
				ENABLE_STRICT_OBJC_MSGSEND = YES;
				GCC_C_LANGUAGE_STANDARD = gnu99;
				GCC_NO_COMMON_BLOCKS = YES;
				GCC_WARN_64_TO_32_BIT_CONVERSION = YES;
				GCC_WARN_ABOUT_RETURN_TYPE = YES_ERROR;
				GCC_WARN_UNDECLARED_SELECTOR = YES;
				GCC_WARN_UNINITIALIZED_AUTOS = YES_AGGRESSIVE;
				GCC_WARN_UNUSED_FUNCTION = YES;
				GCC_WARN_UNUSED_VARIABLE = YES;
				IPHONEOS_DEPLOYMENT_TARGET = 9.3;
				MTL_ENABLE_DEBUG_INFO = NO;
				SDKROOT = iphoneos;
				VALIDATE_PRODUCT = YES;
			};
			name = Release;
		};
		F5A019151E963C4F009A0C1D /* Debug */ = {
			isa = XCBuildConfiguration;
			buildSettings = {
				ASSETCATALOG_COMPILER_APPICON_NAME = AppIcon;
				CODE_SIGN_IDENTITY = "iPhone Developer";
				"CODE_SIGN_IDENTITY[sdk=iphoneos*]" = "iPhone Developer";
				INFOPLIST_FILE = CityInfo/Info.plist;
				IPHONEOS_DEPLOYMENT_TARGET = 8.4;
				LD_RUNPATH_SEARCH_PATHS = "$(inherited) @executable_path/Frameworks";
				PRODUCT_BUNDLE_IDENTIFIER = com.vlad.CityInfo;
				PRODUCT_NAME = "$(TARGET_NAME)";
				PROVISIONING_PROFILE = "";
			};
			name = Debug;
		};
		F5A019161E963C4F009A0C1D /* Release */ = {
			isa = XCBuildConfiguration;
			buildSettings = {
				ASSETCATALOG_COMPILER_APPICON_NAME = AppIcon;
				CODE_SIGN_IDENTITY = "iPhone Developer";
				"CODE_SIGN_IDENTITY[sdk=iphoneos*]" = "iPhone Developer";
				INFOPLIST_FILE = CityInfo/Info.plist;
				IPHONEOS_DEPLOYMENT_TARGET = 8.4;
				LD_RUNPATH_SEARCH_PATHS = "$(inherited) @executable_path/Frameworks";
				PRODUCT_BUNDLE_IDENTIFIER = com.vlad.CityInfo;
				PRODUCT_NAME = "$(TARGET_NAME)";
				PROVISIONING_PROFILE = "";
			};
			name = Release;
		};
/* End XCBuildConfiguration section */

/* Begin XCConfigurationList section */
		F5A018F81E963C4F009A0C1D /* Build configuration list for PBXProject "CityInfo" */ = {
			isa = XCConfigurationList;
			buildConfigurations = (
				F5A019121E963C4F009A0C1D /* Debug */,
				F5A019131E963C4F009A0C1D /* Release */,
			);
			defaultConfigurationIsVisible = 0;
			defaultConfigurationName = Release;
		};
		F5A019141E963C4F009A0C1D /* Build configuration list for PBXNativeTarget "CityInfo" */ = {
			isa = XCConfigurationList;
			buildConfigurations = (
				F5A019151E963C4F009A0C1D /* Debug */,
				F5A019161E963C4F009A0C1D /* Release */,
			);
			defaultConfigurationIsVisible = 0;
			defaultConfigurationName = Release;
		};
/* End XCConfigurationList section */
	};
	rootObject = F5A018F51E963C4F009A0C1D /* Project object */;
}
